
Microsoft Visual Studio Solution File, Format Version 12.00
# Visual Studio Version 16
VisualStudioVersion = 16.0.30717.126
MinimumVisualStudioVersion = 10.0.40219.1
Project("{FAE04EC0-301F-11D3-BF4B-00C04F79EFBC}") = "JadwalKuliah", "JadwalKuliah\JadwalKuliah.csproj", "{DEA0CADB-E884-45B5-B9BB-580B5904AA2F}"
EndProject
Global
	GlobalSection(SolutionConfigurationPlatforms) = preSolution
		Debug|Any CPU = Debug|Any CPU
		Release|Any CPU = Release|Any CPU
	EndGlobalSection
	GlobalSection(ProjectConfigurationPlatforms) = postSolution
		{DEA0CADB-E884-45B5-B9BB-580B5904AA2F}.Debug|Any CPU.ActiveCfg = Debug|Any CPU
		{DEA0CADB-E884-45B5-B9BB-580B5904AA2F}.Debug|Any CPU.Build.0 = Debug|Any CPU
		{DEA0CADB-E884-45B5-B9BB-580B5904AA2F}.Release|Any CPU.ActiveCfg = Release|Any CPU
		{DEA0CADB-E884-45B5-B9BB-580B5904AA2F}.Release|Any CPU.Build.0 = Release|Any CPU
	EndGlobalSection
	GlobalSection(SolutionProperties) = preSolution
		HideSolutionNode = FALSE
	EndGlobalSection
	GlobalSection(ExtensibilityGlobals) = postSolution
		SolutionGuid = {B2D813E5-E524-4401-B721-1C8CBAD94C1B}
	EndGlobalSection
EndGlobal
